
Microsoft Visual Studio Solution File, Format Version 12.00
# Visual Studio 15
VisualStudioVersion = 15.0.26124.0
MinimumVisualStudioVersion = 15.0.26124.0
Project("{2150E333-8FDC-42A3-9474-1A3956D46DE8}") = "src", "src", "{42C81F35-5807-45EE-8EFC-8D84FFAE98A6}"
EndProject
Project("{2150E333-8FDC-42A3-9474-1A3956D46DE8}") = "backend", "backend", "{08A31F61-24B2-4C88-A82C-114F30AAFB13}"
EndProject
Project("{FAE04EC0-301F-11D3-BF4B-00C04F79EFBC}") = "SmartOutlet.WebAPI", "src\backend\SmartOutlet.WebAPI\SmartOutlet.WebAPI.csproj", "{9B9CDD62-0EC6-44E0-94D8-4D089F3B3C6F}"
EndProject
Project("{FAE04EC0-301F-11D3-BF4B-00C04F79EFBC}") = "SmartOutlet.Core", "src\backend\SmartOutlet.Core\SmartOutlet.Core.csproj", "{53AB026C-430D-4443-A45E-438A64B9BC9F}"
EndProject
Project("{FAE04EC0-301F-11D3-BF4B-00C04F79EFBC}") = "SmartOutlet.Infrastructure", "src\backend\SmartOutlet.Infrastructure\SmartOutlet.Infrastructure.csproj", "{F9172251-7593-43F8-B267-D7A4C368A8FF}"
EndProject
Global
	GlobalSection(SolutionConfigurationPlatforms) = preSolution
		Debug|Any CPU = Debug|Any CPU
		Debug|x64 = Debug|x64
		Debug|x86 = Debug|x86
		Release|Any CPU = Release|Any CPU
		Release|x64 = Release|x64
		Release|x86 = Release|x86
	EndGlobalSection
	GlobalSection(SolutionProperties) = preSolution
		HideSolutionNode = FALSE
	EndGlobalSection
	GlobalSection(ProjectConfigurationPlatforms) = postSolution
		{9B9CDD62-0EC6-44E0-94D8-4D089F3B3C6F}.Debug|Any CPU.ActiveCfg = Debug|Any CPU
		{9B9CDD62-0EC6-44E0-94D8-4D089F3B3C6F}.Debug|Any CPU.Build.0 = Debug|Any CPU
		{9B9CDD62-0EC6-44E0-94D8-4D089F3B3C6F}.Debug|x64.ActiveCfg = Debug|Any CPU
		{9B9CDD62-0EC6-44E0-94D8-4D089F3B3C6F}.Debug|x64.Build.0 = Debug|Any CPU
		{9B9CDD62-0EC6-44E0-94D8-4D089F3B3C6F}.Debug|x86.ActiveCfg = Debug|Any CPU
		{9B9CDD62-0EC6-44E0-94D8-4D089F3B3C6F}.Debug|x86.Build.0 = Debug|Any CPU
		{9B9CDD62-0EC6-44E0-94D8-4D089F3B3C6F}.Release|Any CPU.ActiveCfg = Release|Any CPU
		{9B9CDD62-0EC6-44E0-94D8-4D089F3B3C6F}.Release|Any CPU.Build.0 = Release|Any CPU
		{9B9CDD62-0EC6-44E0-94D8-4D089F3B3C6F}.Release|x64.ActiveCfg = Release|Any CPU
		{9B9CDD62-0EC6-44E0-94D8-4D089F3B3C6F}.Release|x64.Build.0 = Release|Any CPU
		{9B9CDD62-0EC6-44E0-94D8-4D089F3B3C6F}.Release|x86.ActiveCfg = Release|Any CPU
		{9B9CDD62-0EC6-44E0-94D8-4D089F3B3C6F}.Release|x86.Build.0 = Release|Any CPU
		{53AB026C-430D-4443-A45E-438A64B9BC9F}.Debug|Any CPU.ActiveCfg = Debug|Any CPU
		{53AB026C-430D-4443-A45E-438A64B9BC9F}.Debug|Any CPU.Build.0 = Debug|Any CPU
		{53AB026C-430D-4443-A45E-438A64B9BC9F}.Debug|x64.ActiveCfg = Debug|Any CPU
		{53AB026C-430D-4443-A45E-438A64B9BC9F}.Debug|x64.Build.0 = Debug|Any CPU
		{53AB026C-430D-4443-A45E-438A64B9BC9F}.Debug|x86.ActiveCfg = Debug|Any CPU
		{53AB026C-430D-4443-A45E-438A64B9BC9F}.Debug|x86.Build.0 = Debug|Any CPU
		{53AB026C-430D-4443-A45E-438A64B9BC9F}.Release|Any CPU.ActiveCfg = Release|Any CPU
		{53AB026C-430D-4443-A45E-438A64B9BC9F}.Release|Any CPU.Build.0 = Release|Any CPU
		{53AB026C-430D-4443-A45E-438A64B9BC9F}.Release|x64.ActiveCfg = Release|Any CPU
		{53AB026C-430D-4443-A45E-438A64B9BC9F}.Release|x64.Build.0 = Release|Any CPU
		{53AB026C-430D-4443-A45E-438A64B9BC9F}.Release|x86.ActiveCfg = Release|Any CPU
		{53AB026C-430D-4443-A45E-438A64B9BC9F}.Release|x86.Build.0 = Release|Any CPU
		{F9172251-7593-43F8-B267-D7A4C368A8FF}.Debug|Any CPU.ActiveCfg = Debug|Any CPU
		{F9172251-7593-43F8-B267-D7A4C368A8FF}.Debug|Any CPU.Build.0 = Debug|Any CPU
		{F9172251-7593-43F8-B267-D7A4C368A8FF}.Debug|x64.ActiveCfg = Debug|Any CPU
		{F9172251-7593-43F8-B267-D7A4C368A8FF}.Debug|x64.Build.0 = Debug|Any CPU
		{F9172251-7593-43F8-B267-D7A4C368A8FF}.Debug|x86.ActiveCfg = Debug|Any CPU
		{F9172251-7593-43F8-B267-D7A4C368A8FF}.Debug|x86.Build.0 = Debug|Any CPU
		{F9172251-7593-43F8-B267-D7A4C368A8FF}.Release|Any CPU.ActiveCfg = Release|Any CPU
		{F9172251-7593-43F8-B267-D7A4C368A8FF}.Release|Any CPU.Build.0 = Release|Any CPU
		{F9172251-7593-43F8-B267-D7A4C368A8FF}.Release|x64.ActiveCfg = Release|Any CPU
		{F9172251-7593-43F8-B267-D7A4C368A8FF}.Release|x64.Build.0 = Release|Any CPU
		{F9172251-7593-43F8-B267-D7A4C368A8FF}.Release|x86.ActiveCfg = Release|Any CPU
		{F9172251-7593-43F8-B267-D7A4C368A8FF}.Release|x86.Build.0 = Release|Any CPU
	EndGlobalSection
	GlobalSection(NestedProjects) = preSolution
		{08A31F61-24B2-4C88-A82C-114F30AAFB13} = {42C81F35-5807-45EE-8EFC-8D84FFAE98A6}
		{9B9CDD62-0EC6-44E0-94D8-4D089F3B3C6F} = {08A31F61-24B2-4C88-A82C-114F30AAFB13}
		{53AB026C-430D-4443-A45E-438A64B9BC9F} = {08A31F61-24B2-4C88-A82C-114F30AAFB13}
		{F9172251-7593-43F8-B267-D7A4C368A8FF} = {08A31F61-24B2-4C88-A82C-114F30AAFB13}
	EndGlobalSection
EndGlobal
